
Microsoft Visual Studio Solution File, Format Version 12.00
# Visual Studio Version 17
VisualStudioVersion = 17.14.36203.30
MinimumVisualStudioVersion = 10.0.40219.1
Project("{FAE04EC0-301F-11D3-BF4B-00C04F79EFBC}") = "Maya_Naila_Jonas_Maddie_TextAdventure", "Maya_Naila_Jonas_Maddie_TextAdventure\Maya_Naila_Jonas_Maddie_TextAdventure.csproj", "{FEC99E46-D961-4B8A-B349-33E53811B980}"
EndProject
Project("{FAE04EC0-301F-11D3-BF4B-00C04F79EFBC}") = "TextAdventure.Tests", "TextAdventure.Tests\TextAdventure.Tests.csproj", "{60B48990-5AA4-4EDB-B2D9-CF651DB98EB8}"
EndProject
Global
	GlobalSection(SolutionConfigurationPlatforms) = preSolution
		Debug|Any CPU = Debug|Any CPU
		Release|Any CPU = Release|Any CPU
	EndGlobalSection
	GlobalSection(ProjectConfigurationPlatforms) = postSolution
		{FEC99E46-D961-4B8A-B349-33E53811B980}.Debug|Any CPU.ActiveCfg = Debug|Any CPU
		{FEC99E46-D961-4B8A-B349-33E53811B980}.Debug|Any CPU.Build.0 = Debug|Any CPU
		{FEC99E46-D961-4B8A-B349-33E53811B980}.Release|Any CPU.ActiveCfg = Release|Any CPU
		{FEC99E46-D961-4B8A-B349-33E53811B980}.Release|Any CPU.Build.0 = Release|Any CPU
		{60B48990-5AA4-4EDB-B2D9-CF651DB98EB8}.Debug|Any CPU.ActiveCfg = Debug|Any CPU
		{60B48990-5AA4-4EDB-B2D9-CF651DB98EB8}.Debug|Any CPU.Build.0 = Debug|Any CPU
		{60B48990-5AA4-4EDB-B2D9-CF651DB98EB8}.Release|Any CPU.ActiveCfg = Release|Any CPU
		{60B48990-5AA4-4EDB-B2D9-CF651DB98EB8}.Release|Any CPU.Build.0 = Release|Any CPU
	EndGlobalSection
	GlobalSection(SolutionProperties) = preSolution
		HideSolutionNode = FALSE
	EndGlobalSection
	GlobalSection(ExtensibilityGlobals) = postSolution
		SolutionGuid = {9A105BE8-1A1D-44F4-8FEB-7D9562059F20}
	EndGlobalSection
EndGlobal
